
Microsoft Visual Studio Solution File, Format Version 12.00
# Visual Studio 15
VisualStudioVersion = 15.0.27428.2037
MinimumVisualStudioVersion = 10.0.40219.1
Project("{FAE04EC0-301F-11D3-BF4B-00C04F79EFBC}") = "GraphSolver", "GraphSolver\GraphSolver.csproj", "{BE03A71E-4C63-46C6-B1FF-E95535C5F920}"
EndProject
Global
	GlobalSection(SolutionConfigurationPlatforms) = preSolution
		Debug|Any CPU = Debug|Any CPU
		Release|Any CPU = Release|Any CPU
	EndGlobalSection
	GlobalSection(ProjectConfigurationPlatforms) = postSolution
		{BE03A71E-4C63-46C6-B1FF-E95535C5F920}.Debug|Any CPU.ActiveCfg = Debug|Any CPU
		{BE03A71E-4C63-46C6-B1FF-E95535C5F920}.Debug|Any CPU.Build.0 = Debug|Any CPU
		{BE03A71E-4C63-46C6-B1FF-E95535C5F920}.Release|Any CPU.ActiveCfg = Release|Any CPU
		{BE03A71E-4C63-46C6-B1FF-E95535C5F920}.Release|Any CPU.Build.0 = Release|Any CPU
	EndGlobalSection
	GlobalSection(SolutionProperties) = preSolution
		HideSolutionNode = FALSE
	EndGlobalSection
	GlobalSection(ExtensibilityGlobals) = postSolution
		SolutionGuid = {4252EFFB-2D87-4447-8DA2-C7A64FF5E79C}
	EndGlobalSection
EndGlobal
